// !$*UTF8*$!
{
	archiveVersion = 1;
	classes = {
	};
	objectVersion = 56;
	objects = {

/* Begin PBXBuildFile section */
		8683218A2BE7EE0B00902374 /* AppDelegate.swift in Sources */ = {isa = PBXBuildFile; fileRef = 868321892BE7EE0B00902374 /* AppDelegate.swift */; };
		8683218C2BE7EE0B00902374 /* SceneDelegate.swift in Sources */ = {isa = PBXBuildFile; fileRef = 8683218B2BE7EE0B00902374 /* SceneDelegate.swift */; };
		868321932BE7EE0C00902374 /* Assets.xcassets in Resources */ = {isa = PBXBuildFile; fileRef = 868321922BE7EE0C00902374 /* Assets.xcassets */; };
		868321962BE7EE0C00902374 /* Base in Resources */ = {isa = PBXBuildFile; fileRef = 868321952BE7EE0C00902374 /* Base */; };
		868321A62BE7EE6700902374 /* VideoService.swift in Sources */ = {isa = PBXBuildFile; fileRef = 8683219D2BE7EE6700902374 /* VideoService.swift */; };
		868321A72BE7EE6700902374 /* AppBuilder.swift in Sources */ = {isa = PBXBuildFile; fileRef = 8683219F2BE7EE6700902374 /* AppBuilder.swift */; };
		868321A82BE7EE6700902374 /* VideoInteractor.swift in Sources */ = {isa = PBXBuildFile; fileRef = 868321A02BE7EE6700902374 /* VideoInteractor.swift */; };
		868321A92BE7EE6700902374 /* VideoPresenter.swift in Sources */ = {isa = PBXBuildFile; fileRef = 868321A12BE7EE6700902374 /* VideoPresenter.swift */; };
		868321AA2BE7EE6700902374 /* VideoViewController.swift in Sources */ = {isa = PBXBuildFile; fileRef = 868321A22BE7EE6700902374 /* VideoViewController.swift */; };
		868321AB2BE7EE6700902374 /* VideoViewController.xib in Resources */ = {isa = PBXBuildFile; fileRef = 868321A32BE7EE6700902374 /* VideoViewController.xib */; };
/* End PBXBuildFile section */

/* Begin PBXFileReference section */
		868321862BE7EE0B00902374 /* VideoMerger.app */ = {isa = PBXFileReference; explicitFileType = wrapper.application; includeInIndex = 0; path = VideoMerger.app; sourceTree = BUILT_PRODUCTS_DIR; };
		868321892BE7EE0B00902374 /* AppDelegate.swift */ = {isa = PBXFileReference; lastKnownFileType = sourcecode.swift; path = AppDelegate.swift; sourceTree = "<group>"; };
		8683218B2BE7EE0B00902374 /* SceneDelegate.swift */ = {isa = PBXFileReference; lastKnownFileType = sourcecode.swift; path = SceneDelegate.swift; sourceTree = "<group>"; };
		868321922BE7EE0C00902374 /* Assets.xcassets */ = {isa = PBXFileReference; lastKnownFileType = folder.assetcatalog; path = Assets.xcassets; sourceTree = "<group>"; };
		868321952BE7EE0C00902374 /* Base */ = {isa = PBXFileReference; lastKnownFileType = file.storyboard; name = Base; path = Base.lproj/LaunchScreen.storyboard; sourceTree = "<group>"; };
		868321972BE7EE0C00902374 /* Info.plist */ = {isa = PBXFileReference; lastKnownFileType = text.plist.xml; path = Info.plist; sourceTree = "<group>"; };
		8683219D2BE7EE6700902374 /* VideoService.swift */ = {isa = PBXFileReference; fileEncoding = 4; lastKnownFileType = sourcecode.swift; path = VideoService.swift; sourceTree = "<group>"; };
		8683219F2BE7EE6700902374 /* AppBuilder.swift */ = {isa = PBXFileReference; fileEncoding = 4; lastKnownFileType = sourcecode.swift; path = AppBuilder.swift; sourceTree = "<group>"; };
		868321A02BE7EE6700902374 /* VideoInteractor.swift */ = {isa = PBXFileReference; fileEncoding = 4; lastKnownFileType = sourcecode.swift; path = VideoInteractor.swift; sourceTree = "<group>"; };
		868321A12BE7EE6700902374 /* VideoPresenter.swift */ = {isa = PBXFileReference; fileEncoding = 4; lastKnownFileType = sourcecode.swift; path = VideoPresenter.swift; sourceTree = "<group>"; };
		868321A22BE7EE6700902374 /* VideoViewController.swift */ = {isa = PBXFileReference; fileEncoding = 4; lastKnownFileType = sourcecode.swift; path = VideoViewController.swift; sourceTree = "<group>"; };
		868321A32BE7EE6700902374 /* VideoViewController.xib */ = {isa = PBXFileReference; fileEncoding = 4; lastKnownFileType = file.xib; path = VideoViewController.xib; sourceTree = "<group>"; };
/* End PBXFileReference section */

/* Begin PBXFrameworksBuildPhase section */
		868321832BE7EE0B00902374 /* Frameworks */ = {
			isa = PBXFrameworksBuildPhase;
			buildActionMask = 2147483647;
			files = (
			);
			runOnlyForDeploymentPostprocessing = 0;
		};
/* End PBXFrameworksBuildPhase section */

/* Begin PBXGroup section */
		8683217D2BE7EE0B00902374 = {
			isa = PBXGroup;
			children = (
				868321882BE7EE0B00902374 /* VideoMerger */,
				868321872BE7EE0B00902374 /* Products */,
			);
			sourceTree = "<group>";
		};
		868321872BE7EE0B00902374 /* Products */ = {
			isa = PBXGroup;
			children = (
				868321862BE7EE0B00902374 /* VideoMerger.app */,
			);
			name = Products;
			sourceTree = "<group>";
		};
		868321882BE7EE0B00902374 /* VideoMerger */ = {
			isa = PBXGroup;
			children = (
				8683219F2BE7EE6700902374 /* AppBuilder.swift */,
				868321A52BE7EE6700902374 /* Modules */,
				8683219E2BE7EE6700902374 /* VideoService */,
				868321892BE7EE0B00902374 /* AppDelegate.swift */,
				8683218B2BE7EE0B00902374 /* SceneDelegate.swift */,
				868321922BE7EE0C00902374 /* Assets.xcassets */,
				868321942BE7EE0C00902374 /* LaunchScreen.storyboard */,
				868321972BE7EE0C00902374 /* Info.plist */,
			);
			path = VideoMerger;
			sourceTree = "<group>";
		};
		8683219E2BE7EE6700902374 /* VideoService */ = {
			isa = PBXGroup;
			children = (
				8683219D2BE7EE6700902374 /* VideoService.swift */,
			);
			path = VideoService;
			sourceTree = "<group>";
		};
		868321A42BE7EE6700902374 /* VideoController */ = {
			isa = PBXGroup;
			children = (
				868321A02BE7EE6700902374 /* VideoInteractor.swift */,
				868321A12BE7EE6700902374 /* VideoPresenter.swift */,
				868321A22BE7EE6700902374 /* VideoViewController.swift */,
				868321A32BE7EE6700902374 /* VideoViewController.xib */,
			);
			path = VideoController;
			sourceTree = "<group>";
		};
		868321A52BE7EE6700902374 /* Modules */ = {
			isa = PBXGroup;
			children = (
				868321A42BE7EE6700902374 /* VideoController */,
			);
			path = Modules;
			sourceTree = "<group>";
		};
/* End PBXGroup section */

/* Begin PBXNativeTarget section */
		868321852BE7EE0B00902374 /* VideoMerger */ = {
			isa = PBXNativeTarget;
			buildConfigurationList = 8683219A2BE7EE0C00902374 /* Build configuration list for PBXNativeTarget "VideoMerger" */;
			buildPhases = (
				868321822BE7EE0B00902374 /* Sources */,
				868321832BE7EE0B00902374 /* Frameworks */,
				868321842BE7EE0B00902374 /* Resources */,
			);
			buildRules = (
			);
			dependencies = (
			);
			name = VideoMerger;
			productName = VideoMerger;
			productReference = 868321862BE7EE0B00902374 /* VideoMerger.app */;
			productType = "com.apple.product-type.application";
		};
/* End PBXNativeTarget section */

/* Begin PBXProject section */
		8683217E2BE7EE0B00902374 /* Project object */ = {
			isa = PBXProject;
			attributes = {
				BuildIndependentTargetsInParallel = 1;
				LastSwiftUpdateCheck = 1530;
				LastUpgradeCheck = 1530;
				TargetAttributes = {
					868321852BE7EE0B00902374 = {
						CreatedOnToolsVersion = 15.3;
					};
				};
			};
			buildConfigurationList = 868321812BE7EE0B00902374 /* Build configuration list for PBXProject "VideoMerger" */;
			compatibilityVersion = "Xcode 14.0";
			developmentRegion = en;
			hasScannedForEncodings = 0;
			knownRegions = (
				en,
				Base,
			);
			mainGroup = 8683217D2BE7EE0B00902374;
			productRefGroup = 868321872BE7EE0B00902374 /* Products */;
			projectDirPath = "";
			projectRoot = "";
			targets = (
				868321852BE7EE0B00902374 /* VideoMerger */,
			);
		};
/* End PBXProject section */

/* Begin PBXResourcesBuildPhase section */
		868321842BE7EE0B00902374 /* Resources */ = {
			isa = PBXResourcesBuildPhase;
			buildActionMask = 2147483647;
			files = (
				868321932BE7EE0C00902374 /* Assets.xcassets in Resources */,
				868321962BE7EE0C00902374 /* Base in Resources */,
				868321AB2BE7EE6700902374 /* VideoViewController.xib in Resources */,
			);
			runOnlyForDeploymentPostprocessing = 0;
		};
/* End PBXResourcesBuildPhase section */

/* Begin PBXSourcesBuildPhase section */
		868321822BE7EE0B00902374 /* Sources */ = {
			isa = PBXSourcesBuildPhase;
			buildActionMask = 2147483647;
			files = (
				868321A92BE7EE6700902374 /* VideoPresenter.swift in Sources */,
				868321AA2BE7EE6700902374 /* VideoViewController.swift in Sources */,
				868321A82BE7EE6700902374 /* VideoInteractor.swift in Sources */,
				8683218A2BE7EE0B00902374 /* AppDelegate.swift in Sources */,
				868321A62BE7EE6700902374 /* VideoService.swift in Sources */,
				8683218C2BE7EE0B00902374 /* SceneDelegate.swift in Sources */,
				868321A72BE7EE6700902374 /* AppBuilder.swift in Sources */,
			);
			runOnlyForDeploymentPostprocessing = 0;
		};
/* End PBXSourcesBuildPhase section */

/* Begin PBXVariantGroup section */
		868321942BE7EE0C00902374 /* LaunchScreen.storyboard */ = {
			isa = PBXVariantGroup;
			children = (
				868321952BE7EE0C00902374 /* Base */,
			);
			name = LaunchScreen.storyboard;
			sourceTree = "<group>";
		};
/* End PBXVariantGroup section */

/* Begin XCBuildConfiguration section */
		868321982BE7EE0C00902374 /* Debug */ = {
			isa = XCBuildConfiguration;
			buildSettings = {
				ALWAYS_SEARCH_USER_PATHS = NO;
				ASSETCATALOG_COMPILER_GENERATE_SWIFT_ASSET_SYMBOL_EXTENSIONS = YES;
				CLANG_ANALYZER_NONNULL = YES;
				CLANG_ANALYZER_NUMBER_OBJECT_CONVERSION = YES_AGGRESSIVE;
				CLANG_CXX_LANGUAGE_STANDARD = "gnu++20";
				CLANG_ENABLE_MODULES = YES;
				CLANG_ENABLE_OBJC_ARC = YES;
				CLANG_ENABLE_OBJC_WEAK = YES;
				CLANG_WARN_BLOCK_CAPTURE_AUTORELEASING = YES;
				CLANG_WARN_BOOL_CONVERSION = YES;
				CLANG_WARN_COMMA = YES;
				CLANG_WARN_CONSTANT_CONVERSION = YES;
				CLANG_WARN_DEPRECATED_OBJC_IMPLEMENTATIONS = YES;
				CLANG_WARN_DIRECT_OBJC_ISA_USAGE = YES_ERROR;
				CLANG_WARN_DOCUMENTATION_COMMENTS = YES;
				CLANG_WARN_EMPTY_BODY = YES;
				CLANG_WARN_ENUM_CONVERSION = YES;
				CLANG_WARN_INFINITE_RECURSION = YES;
				CLANG_WARN_INT_CONVERSION = YES;
				CLANG_WARN_NON_LITERAL_NULL_CONVERSION = YES;
				CLANG_WARN_OBJC_IMPLICIT_RETAIN_SELF = YES;
				CLANG_WARN_OBJC_LITERAL_CONVERSION = YES;
				CLANG_WARN_OBJC_ROOT_CLASS = YES_ERROR;
				CLANG_WARN_QUOTED_INCLUDE_IN_FRAMEWORK_HEADER = YES;
				CLANG_WARN_RANGE_LOOP_ANALYSIS = YES;
				CLANG_WARN_STRICT_PROTOTYPES = YES;
				CLANG_WARN_SUSPICIOUS_MOVE = YES;
				CLANG_WARN_UNGUARDED_AVAILABILITY = YES_AGGRESSIVE;
				CLANG_WARN_UNREACHABLE_CODE = YES;
				CLANG_WARN__DUPLICATE_METHOD_MATCH = YES;
				COPY_PHASE_STRIP = NO;
				DEBUG_INFORMATION_FORMAT = dwarf;
				ENABLE_STRICT_OBJC_MSGSEND = YES;
				ENABLE_TESTABILITY = YES;
				ENABLE_USER_SCRIPT_SANDBOXING = YES;
				GCC_C_LANGUAGE_STANDARD = gnu17;
				GCC_DYNAMIC_NO_PIC = NO;
				GCC_NO_COMMON_BLOCKS = YES;
				GCC_OPTIMIZATION_LEVEL = 0;
				GCC_PREPROCESSOR_DEFINITIONS = (
					"DEBUG=1",
					"$(inherited)",
				);
				GCC_WARN_64_TO_32_BIT_CONVERSION = YES;
				GCC_WARN_ABOUT_RETURN_TYPE = YES_ERROR;
				GCC_WARN_UNDECLARED_SELECTOR = YES;
				GCC_WARN_UNINITIALIZED_AUTOS = YES_AGGRESSIVE;
				GCC_WARN_UNUSED_FUNCTION = YES;
				GCC_WARN_UNUSED_VARIABLE = YES;
				IPHONEOS_DEPLOYMENT_TARGET = 17.4;
				LOCALIZATION_PREFERS_STRING_CATALOGS = YES;
				MTL_ENABLE_DEBUG_INFO = INCLUDE_SOURCE;
				MTL_FAST_MATH = YES;
				ONLY_ACTIVE_ARCH = YES;
				SDKROOT = iphoneos;
				SWIFT_ACTIVE_COMPILATION_CONDITIONS = "DEBUG $(inherited)";
				SWIFT_OPTIMIZATION_LEVEL = "-Onone";
			};
			name = Debug;
		};
		868321992BE7EE0C00902374 /* Release */ = {
			isa = XCBuildConfiguration;
			buildSettings = {
				ALWAYS_SEARCH_USER_PATHS = NO;
				ASSETCATALOG_COMPILER_GENERATE_SWIFT_ASSET_SYMBOL_EXTENSIONS = YES;
				CLANG_ANALYZER_NONNULL = YES;
				CLANG_ANALYZER_NUMBER_OBJECT_CONVERSION = YES_AGGRESSIVE;
				CLANG_CXX_LANGUAGE_STANDARD = "gnu++20";
				CLANG_ENABLE_MODULES = YES;
				CLANG_ENABLE_OBJC_ARC = YES;
				CLANG_ENABLE_OBJC_WEAK = YES;
				CLANG_WARN_BLOCK_CAPTURE_AUTORELEASING = YES;
				CLANG_WARN_BOOL_CONVERSION = YES;
				CLANG_WARN_COMMA = YES;
				CLANG_WARN_CONSTANT_CONVERSION = YES;
				CLANG_WARN_DEPRECATED_OBJC_IMPLEMENTATIONS = YES;
				CLANG_WARN_DIRECT_OBJC_ISA_USAGE = YES_ERROR;
				CLANG_WARN_DOCUMENTATION_COMMENTS = YES;
				CLANG_WARN_EMPTY_BODY = YES;
				CLANG_WARN_ENUM_CONVERSION = YES;
				CLANG_WARN_INFINITE_RECURSION = YES;
				CLANG_WARN_INT_CONVERSION = YES;
				CLANG_WARN_NON_LITERAL_NULL_CONVERSION = YES;
				CLANG_WARN_OBJC_IMPLICIT_RETAIN_SELF = YES;
				CLANG_WARN_OBJC_LITERAL_CONVERSION = YES;
				CLANG_WARN_OBJC_ROOT_CLASS = YES_ERROR;
				CLANG_WARN_QUOTED_INCLUDE_IN_FRAMEWORK_HEADER = YES;
				CLANG_WARN_RANGE_LOOP_ANALYSIS = YES;
				CLANG_WARN_STRICT_PROTOTYPES = YES;
				CLANG_WARN_SUSPICIOUS_MOVE = YES;
				CLANG_WARN_UNGUARDED_AVAILABILITY = YES_AGGRESSIVE;
				CLANG_WARN_UNREACHABLE_CODE = YES;
				CLANG_WARN__DUPLICATE_METHOD_MATCH = YES;
				COPY_PHASE_STRIP = NO;
				DEBUG_INFORMATION_FORMAT = "dwarf-with-dsym";
				ENABLE_NS_ASSERTIONS = NO;
				ENABLE_STRICT_OBJC_MSGSEND = YES;
				ENABLE_USER_SCRIPT_SANDBOXING = YES;
				GCC_C_LANGUAGE_STANDARD = gnu17;
				GCC_NO_COMMON_BLOCKS = YES;
				GCC_WARN_64_TO_32_BIT_CONVERSION = YES;
				GCC_WARN_ABOUT_RETURN_TYPE = YES_ERROR;
				GCC_WARN_UNDECLARED_SELECTOR = YES;
				GCC_WARN_UNINITIALIZED_AUTOS = YES_AGGRESSIVE;
				GCC_WARN_UNUSED_FUNCTION = YES;
				GCC_WARN_UNUSED_VARIABLE = YES;
				IPHONEOS_DEPLOYMENT_TARGET = 17.4;
				LOCALIZATION_PREFERS_STRING_CATALOGS = YES;
				MTL_ENABLE_DEBUG_INFO = NO;
				MTL_FAST_MATH = YES;
				SDKROOT = iphoneos;
				SWIFT_COMPILATION_MODE = wholemodule;
				VALIDATE_PRODUCT = YES;
			};
			name = Release;
		};
		8683219B2BE7EE0C00902374 /* Debug */ = {
			isa = XCBuildConfiguration;
			buildSettings = {
				ASSETCATALOG_COMPILER_APPICON_NAME = AppIcon;
				ASSETCATALOG_COMPILER_GLOBAL_ACCENT_COLOR_NAME = AccentColor;
				CODE_SIGN_STYLE = Automatic;
				CURRENT_PROJECT_VERSION = 1;
				DEVELOPMENT_TEAM = G87K3SL6NY;
				GENERATE_INFOPLIST_FILE = YES;
				INFOPLIST_FILE = VideoMerger/Info.plist;
				INFOPLIST_KEY_UIApplicationSupportsIndirectInputEvents = YES;
				INFOPLIST_KEY_UILaunchStoryboardName = LaunchScreen;
				INFOPLIST_KEY_UIMainStoryboardFile = "";
				INFOPLIST_KEY_UISupportedInterfaceOrientations_iPad = "UIInterfaceOrientationPortrait UIInterfaceOrientationPortraitUpsideDown UIInterfaceOrientationLandscapeLeft UIInterfaceOrientationLandscapeRight";
				INFOPLIST_KEY_UISupportedInterfaceOrientations_iPhone = "UIInterfaceOrientationPortrait UIInterfaceOrientationLandscapeLeft UIInterfaceOrientationLandscapeRight";
				LD_RUNPATH_SEARCH_PATHS = (
					"$(inherited)",
					"@executable_path/Frameworks",
				);
				MARKETING_VERSION = 1.0;
				PRODUCT_BUNDLE_IDENTIFIER = com.astra.VideoMerger;
				PRODUCT_NAME = "$(TARGET_NAME)";
				SWIFT_EMIT_LOC_STRINGS = YES;
				SWIFT_VERSION = 5.0;
				TARGETED_DEVICE_FAMILY = "1,2";
			};
			name = Debug;
		};
		8683219C2BE7EE0C00902374 /* Release */ = {
			isa = XCBuildConfiguration;
			buildSettings = {
				ASSETCATALOG_COMPILER_APPICON_NAME = AppIcon;
				ASSETCATALOG_COMPILER_GLOBAL_ACCENT_COLOR_NAME = AccentColor;
				CODE_SIGN_STYLE = Automatic;
				CURRENT_PROJECT_VERSION = 1;
				DEVELOPMENT_TEAM = G87K3SL6NY;
				GENERATE_INFOPLIST_FILE = YES;
				INFOPLIST_FILE = VideoMerger/Info.plist;
				INFOPLIST_KEY_UIApplicationSupportsIndirectInputEvents = YES;
				INFOPLIST_KEY_UILaunchStoryboardName = LaunchScreen;
				INFOPLIST_KEY_UIMainStoryboardFile = "";
				INFOPLIST_KEY_UISupportedInterfaceOrientations_iPad = "UIInterfaceOrientationPortrait UIInterfaceOrientationPortraitUpsideDown UIInterfaceOrientationLandscapeLeft UIInterfaceOrientationLandscapeRight";
				INFOPLIST_KEY_UISupportedInterfaceOrientations_iPhone = "UIInterfaceOrientationPortrait UIInterfaceOrientationLandscapeLeft UIInterfaceOrientationLandscapeRight";
				LD_RUNPATH_SEARCH_PATHS = (
					"$(inherited)",
					"@executable_path/Frameworks",
				);
				MARKETING_VERSION = 1.0;
				PRODUCT_BUNDLE_IDENTIFIER = com.astra.VideoMerger;
				PRODUCT_NAME = "$(TARGET_NAME)";
				SWIFT_EMIT_LOC_STRINGS = YES;
				SWIFT_VERSION = 5.0;
				TARGETED_DEVICE_FAMILY = "1,2";
			};
			name = Release;
		};
/* End XCBuildConfiguration section */

/* Begin XCConfigurationList section */
		868321812BE7EE0B00902374 /* Build configuration list for PBXProject "VideoMerger" */ = {
			isa = XCConfigurationList;
			buildConfigurations = (
				868321982BE7EE0C00902374 /* Debug */,
				868321992BE7EE0C00902374 /* Release */,
			);
			defaultConfigurationIsVisible = 0;
			defaultConfigurationName = Release;
		};
		8683219A2BE7EE0C00902374 /* Build configuration list for PBXNativeTarget "VideoMerger" */ = {
			isa = XCConfigurationList;
			buildConfigurations = (
				8683219B2BE7EE0C00902374 /* Debug */,
				8683219C2BE7EE0C00902374 /* Release */,
			);
			defaultConfigurationIsVisible = 0;
			defaultConfigurationName = Release;
		};
/* End XCConfigurationList section */
	};
	rootObject = 8683217E2BE7EE0B00902374 /* Project object */;
}
